
Microsoft Visual Studio Solution File, Format Version 12.00
# Visual Studio 14
VisualStudioVersion = 14.0.25420.1
MinimumVisualStudioVersion = 10.0.40219.1
Project("{FAE04EC0-301F-11D3-BF4B-00C04F79EFBC}") = "Wardrobe", "Wardrobe\Wardrobe.csproj", "{8B56A1E6-8B1B-4BF0-BAD2-7B6539780EFE}"
EndProject
Global
	GlobalSection(SolutionConfigurationPlatforms) = preSolution
		Debug|Any CPU = Debug|Any CPU
		Release|Any CPU = Release|Any CPU
	EndGlobalSection
	GlobalSection(ProjectConfigurationPlatforms) = postSolution
		{8B56A1E6-8B1B-4BF0-BAD2-7B6539780EFE}.Debug|Any CPU.ActiveCfg = Debug|Any CPU
		{8B56A1E6-8B1B-4BF0-BAD2-7B6539780EFE}.Debug|Any CPU.Build.0 = Debug|Any CPU
		{8B56A1E6-8B1B-4BF0-BAD2-7B6539780EFE}.Release|Any CPU.ActiveCfg = Release|Any CPU
		{8B56A1E6-8B1B-4BF0-BAD2-7B6539780EFE}.Release|Any CPU.Build.0 = Release|Any CPU
	EndGlobalSection
	GlobalSection(SolutionProperties) = preSolution
		HideSolutionNode = FALSE
	EndGlobalSection
EndGlobal
